
Microsoft Visual Studio Solution File, Format Version 12.00
# Visual Studio Version 17
VisualStudioVersion = 17.10.35004.147
MinimumVisualStudioVersion = 10.0.40219.1
Project("{9A19103F-16F7-4668-BE54-9A1E7A4F7556}") = "CrudAPI.App", "CrudAPI\CrudAPI.App.csproj", "{4FB4375C-6F67-4053-9274-343A62B9E039}"
EndProject
Project("{9A19103F-16F7-4668-BE54-9A1E7A4F7556}") = "CrudApi.RegraNegocio", "CrudApi.Regranegocio\CrudApi.RegraNegocio.csproj", "{A77ED108-4A86-48C6-8992-6A0F86A6D146}"
EndProject
Project("{9A19103F-16F7-4668-BE54-9A1E7A4F7556}") = "CrudApi.Dados", "CrudApi.Dados\CrudApi.Dados.csproj", "{00C575E1-91AA-46C9-907C-EC2D6C4F1386}"
EndProject
Global
	GlobalSection(SolutionConfigurationPlatforms) = preSolution
		Debug|Any CPU = Debug|Any CPU
		Release|Any CPU = Release|Any CPU
	EndGlobalSection
	GlobalSection(ProjectConfigurationPlatforms) = postSolution
		{4FB4375C-6F67-4053-9274-343A62B9E039}.Debug|Any CPU.ActiveCfg = Debug|Any CPU
		{4FB4375C-6F67-4053-9274-343A62B9E039}.Debug|Any CPU.Build.0 = Debug|Any CPU
		{4FB4375C-6F67-4053-9274-343A62B9E039}.Release|Any CPU.ActiveCfg = Release|Any CPU
		{4FB4375C-6F67-4053-9274-343A62B9E039}.Release|Any CPU.Build.0 = Release|Any CPU
		{A77ED108-4A86-48C6-8992-6A0F86A6D146}.Debug|Any CPU.ActiveCfg = Debug|Any CPU
		{A77ED108-4A86-48C6-8992-6A0F86A6D146}.Debug|Any CPU.Build.0 = Debug|Any CPU
		{A77ED108-4A86-48C6-8992-6A0F86A6D146}.Release|Any CPU.ActiveCfg = Release|Any CPU
		{A77ED108-4A86-48C6-8992-6A0F86A6D146}.Release|Any CPU.Build.0 = Release|Any CPU
		{00C575E1-91AA-46C9-907C-EC2D6C4F1386}.Debug|Any CPU.ActiveCfg = Debug|Any CPU
		{00C575E1-91AA-46C9-907C-EC2D6C4F1386}.Debug|Any CPU.Build.0 = Debug|Any CPU
		{00C575E1-91AA-46C9-907C-EC2D6C4F1386}.Release|Any CPU.ActiveCfg = Release|Any CPU
		{00C575E1-91AA-46C9-907C-EC2D6C4F1386}.Release|Any CPU.Build.0 = Release|Any CPU
	EndGlobalSection
	GlobalSection(SolutionProperties) = preSolution
		HideSolutionNode = FALSE
	EndGlobalSection
	GlobalSection(ExtensibilityGlobals) = postSolution
		SolutionGuid = {FE15EF41-2302-4BCB-BAC1-F2E1A6372E5F}
	EndGlobalSection
EndGlobal
